github.com/clipperhouse/segment v0.9.1 h1:tACepSeET+k951PsAV55AogK0YJZIUk9ww2enRrlILk=
github.com/clipperhouse/segment v0.9.1/go.mod h1:dXhm+4H19wRiIENCoOqt/hGAfVxaakd65CBJrp8hc3U=
github.com/clipperhouse/segment v0.9.2 h1:4hs+NnA3i1hLJjzThBvy+/iPe8zdNtDLmH0U+Fp1jc4=
github.com/clipperhouse/segment v0.9.2/go.mod h1:dXhm+4H19wRiIENCoOqt/hGAfVxaakd65CBJrp8hc3U=
golang.org/x/text v0.3.2 h1:tW2bmiBqwgJj/UpqtC8EpXEZVYOwU0yG4iWbprSVAcs=
golang.org/x/text v0.3.2/go.mod h1:bEr9sfX3Q8Zfm5fL9x+3itogRgK3+ptLWKqgva+5dAk=
golang.org/x/tools v0.0.0-20180917221912-90fa682c2a6e/go.mod h1:n7NCudcB/nEzxVGmLbDWY5pfWTLqBcC2KZ6jyYvM4mQ=
